{
    "_meta": {
        "hash": {
            "sha256": "440c18dda7a65db54ac8999f408ff412dc1cd3f65acedbc033690c4ff0f08b3c"
        },
        "pipfile-spec": 6,
        "requires": {
            "python_version": "3.9"
        },
        "sources": [
            {
                "name": "pypi",
                "url": "https://pypi.org/simple",
                "verify_ssl": true
            }
        ]
    },
    "default": {
        "coloredlogs": {
            "hashes": [
                "sha256:612ee75c546f53e92e70049c9dbfcc18c935a2b9a53b66085ce9ef6a6e5c0934",
                "sha256:7c991aa71a4577af2f82600d8f8f3a89f936baeaf9b50a9c197da014e5bf16b0"
            ],
            "index": "pypi",
            "version": "==15.0.1"
        },
        "getmac": {
            "hashes": [
                "sha256:6e38f9023b9792f53ef982cce6be65d84fea656be87100ab2f2d0376563af486",
                "sha256:95f5cbdf521a1045e3073f546a523d2adb2933f2ce647450c0a4b5c358ca85ca"
            ],
            "index": "pypi",
            "version": "==0.8.3"
        },
        "humanfriendly": {
            "hashes": [
                "sha256:1697e1a8a8f550fd43c2865cd84542fc175a61dcb779b6fee18cf6b6ccba1477",
                "sha256:6b0b831ce8f15f7300721aa49829fc4e83921a9a301cc7f606be6686a2288ddc"
            ],
            "index": "pypi",
            "version": "==10.0"
        },
        "scapy": {
            "hashes": [
                "sha256:5b260c2b754fd8d409ba83ee7aee294ecdbb2c235f9f78fe90bc11cb6e5debc2"
            ],
            "index": "pypi",
            "version": "==2.5.0"
        }
    },
    "develop": {}
}
